
Microsoft Visual Studio Solution File, Format Version 12.00
# Visual Studio Version 16
VisualStudioVersion = 16.0.30517.126
MinimumVisualStudioVersion = 10.0.40219.1
Project("{FAE04EC0-301F-11D3-BF4B-00C04F79EFBC}") = "VideoToImage", "VideoToImage\VideoToImage.csproj", "{D5AE977A-77B6-4926-A02A-2BC14DA6A572}"
EndProject
Project("{FAE04EC0-301F-11D3-BF4B-00C04F79EFBC}") = "Demo", "Demo\Demo.csproj", "{A70A0984-F8E9-4F47-8A6B-6D77E1A6637C}"
EndProject
Global
	GlobalSection(SolutionConfigurationPlatforms) = preSolution
		Debug|Any CPU = Debug|Any CPU
		Release|Any CPU = Release|Any CPU
	EndGlobalSection
	GlobalSection(ProjectConfigurationPlatforms) = postSolution
		{D5AE977A-77B6-4926-A02A-2BC14DA6A572}.Debug|Any CPU.ActiveCfg = Debug|Any CPU
		{D5AE977A-77B6-4926-A02A-2BC14DA6A572}.Debug|Any CPU.Build.0 = Debug|Any CPU
		{D5AE977A-77B6-4926-A02A-2BC14DA6A572}.Release|Any CPU.ActiveCfg = Release|Any CPU
		{D5AE977A-77B6-4926-A02A-2BC14DA6A572}.Release|Any CPU.Build.0 = Release|Any CPU
		{A70A0984-F8E9-4F47-8A6B-6D77E1A6637C}.Debug|Any CPU.ActiveCfg = Debug|Any CPU
		{A70A0984-F8E9-4F47-8A6B-6D77E1A6637C}.Debug|Any CPU.Build.0 = Debug|Any CPU
		{A70A0984-F8E9-4F47-8A6B-6D77E1A6637C}.Release|Any CPU.ActiveCfg = Release|Any CPU
		{A70A0984-F8E9-4F47-8A6B-6D77E1A6637C}.Release|Any CPU.Build.0 = Release|Any CPU
	EndGlobalSection
	GlobalSection(SolutionProperties) = preSolution
		HideSolutionNode = FALSE
	EndGlobalSection
	GlobalSection(ExtensibilityGlobals) = postSolution
		SolutionGuid = {E31655D1-7732-486E-99BD-A8B3170FDB1C}
	EndGlobalSection
EndGlobal
